{
  "originHash" : "caaf09bfbf2bc854b67a961be6ee300aad29ca5c0db2fc3fd844be9444a73288",
  "pins" : [
    {
      "identity" : "kingfisher",
      "kind" : "remoteSourceControl",
      "location" : "https://github.com/onevcat/Kingfisher.git",
      "state" : {
        "revision" : "33696a71dd4d71f1b0f781ade11a48ba5549581a",
        "version" : "8.0.3"
      }
    },
    {
      "identity" : "loadingbutton",
      "kind" : "remoteSourceControl",
      "location" : "https://github.com/Changemin/LoadingButton",
      "state" : {
        "revision" : "5045668df822a04c248a9b40aca888a4d37f275a",
        "version" : "1.1.2"
      }
    }
  ],
  "version" : 3
}
